
Microsoft Visual Studio Solution File, Format Version 11.00
# Visual Studio 2010
Project("{FAE04EC0-301F-11D3-BF4B-00C04F79EFBC}") = "MvcMusicStore", "MvcMusicStore\MvcMusicStore.csproj", "{A275B774-100D-4DD5-882F-3A42F30AFE39}"
EndProject
Project("{FAE04EC0-301F-11D3-BF4B-00C04F79EFBC}") = "MvcMusicStore.Tests", "MvcMusicStore.Tests\MvcMusicStore.Tests.csproj", "{CF326544-F443-4688-B610-82DD2BBADE42}"
EndProject
Global
	GlobalSection(SolutionConfigurationPlatforms) = preSolution
		Debug|Any CPU = Debug|Any CPU
		Release|Any CPU = Release|Any CPU
	EndGlobalSection
	GlobalSection(ProjectConfigurationPlatforms) = postSolution
		{A275B774-100D-4DD5-882F-3A42F30AFE39}.Debug|Any CPU.ActiveCfg = Debug|Any CPU
		{A275B774-100D-4DD5-882F-3A42F30AFE39}.Debug|Any CPU.Build.0 = Debug|Any CPU
		{A275B774-100D-4DD5-882F-3A42F30AFE39}.Release|Any CPU.ActiveCfg = Release|Any CPU
		{A275B774-100D-4DD5-882F-3A42F30AFE39}.Release|Any CPU.Build.0 = Release|Any CPU
		{CF326544-F443-4688-B610-82DD2BBADE42}.Debug|Any CPU.ActiveCfg = Debug|Any CPU
		{CF326544-F443-4688-B610-82DD2BBADE42}.Debug|Any CPU.Build.0 = Debug|Any CPU
		{CF326544-F443-4688-B610-82DD2BBADE42}.Release|Any CPU.ActiveCfg = Release|Any CPU
		{CF326544-F443-4688-B610-82DD2BBADE42}.Release|Any CPU.Build.0 = Release|Any CPU
	EndGlobalSection
	GlobalSection(SolutionProperties) = preSolution
		HideSolutionNode = FALSE
	EndGlobalSection
EndGlobal
